
Microsoft Visual Studio Solution File, Format Version 12.00
# Visual Studio Version 17
VisualStudioVersion = 17.7.34009.444
MinimumVisualStudioVersion = 10.0.40219.1
Project("{FAE04EC0-301F-11D3-BF4B-00C04F79EFBC}") = "7.5Uzduotis_Methods_unitTesting", "7.5Uzduotis_Methods_unitTesting\7.5Uzduotis_Methods_unitTesting.csproj", "{90810A42-C81F-4F7D-8F88-9528A7C821A8}"
EndProject
Project("{FAE04EC0-301F-11D3-BF4B-00C04F79EFBC}") = "Test7.5Methods", "Test7.5Methods\Test7.5Methods.csproj", "{7D741E17-B996-42C1-ABDD-28D8AC051C6F}"
EndProject
Global
	GlobalSection(SolutionConfigurationPlatforms) = preSolution
		Debug|Any CPU = Debug|Any CPU
		Release|Any CPU = Release|Any CPU
	EndGlobalSection
	GlobalSection(ProjectConfigurationPlatforms) = postSolution
		{90810A42-C81F-4F7D-8F88-9528A7C821A8}.Debug|Any CPU.ActiveCfg = Debug|Any CPU
		{90810A42-C81F-4F7D-8F88-9528A7C821A8}.Debug|Any CPU.Build.0 = Debug|Any CPU
		{90810A42-C81F-4F7D-8F88-9528A7C821A8}.Release|Any CPU.ActiveCfg = Release|Any CPU
		{90810A42-C81F-4F7D-8F88-9528A7C821A8}.Release|Any CPU.Build.0 = Release|Any CPU
		{7D741E17-B996-42C1-ABDD-28D8AC051C6F}.Debug|Any CPU.ActiveCfg = Debug|Any CPU
		{7D741E17-B996-42C1-ABDD-28D8AC051C6F}.Debug|Any CPU.Build.0 = Debug|Any CPU
		{7D741E17-B996-42C1-ABDD-28D8AC051C6F}.Release|Any CPU.ActiveCfg = Release|Any CPU
		{7D741E17-B996-42C1-ABDD-28D8AC051C6F}.Release|Any CPU.Build.0 = Release|Any CPU
	EndGlobalSection
	GlobalSection(SolutionProperties) = preSolution
		HideSolutionNode = FALSE
	EndGlobalSection
	GlobalSection(ExtensibilityGlobals) = postSolution
		SolutionGuid = {0964A50C-4C93-4485-BABC-CD102359D0F4}
	EndGlobalSection
EndGlobal
